
Microsoft Visual Studio Solution File, Format Version 12.00
# Visual Studio Version 16
VisualStudioVersion = 16.0.29215.179
MinimumVisualStudioVersion = 10.0.40219.1
Project("{FAE04EC0-301F-11D3-BF4B-00C04F79EFBC}") = "WebApiProduct", "WebApiProduct\WebApiProduct.csproj", "{C643B6C9-6C8B-40C8-8EEB-A325912DA913}"
EndProject
Global
	GlobalSection(SolutionConfigurationPlatforms) = preSolution
		Debug|Any CPU = Debug|Any CPU
		Release|Any CPU = Release|Any CPU
	EndGlobalSection
	GlobalSection(ProjectConfigurationPlatforms) = postSolution
		{C643B6C9-6C8B-40C8-8EEB-A325912DA913}.Debug|Any CPU.ActiveCfg = Debug|Any CPU
		{C643B6C9-6C8B-40C8-8EEB-A325912DA913}.Debug|Any CPU.Build.0 = Debug|Any CPU
		{C643B6C9-6C8B-40C8-8EEB-A325912DA913}.Release|Any CPU.ActiveCfg = Release|Any CPU
		{C643B6C9-6C8B-40C8-8EEB-A325912DA913}.Release|Any CPU.Build.0 = Release|Any CPU
	EndGlobalSection
	GlobalSection(SolutionProperties) = preSolution
		HideSolutionNode = FALSE
	EndGlobalSection
	GlobalSection(ExtensibilityGlobals) = postSolution
		SolutionGuid = {8E7D17EB-4727-463D-892D-6DF0D5EBEC25}
	EndGlobalSection
EndGlobal
